
Microsoft Visual Studio Solution File, Format Version 12.00
# Visual Studio Version 17
VisualStudioVersion = 17.5.002.0
MinimumVisualStudioVersion = 10.0.40219.1
Project("{9A19103F-16F7-4668-BE54-9A1E7A4F7556}") = "practica13-u20210127", "practica13-u20210127.csproj", "{1816CF00-49E2-4B28-918A-2992DAFE02B6}"
EndProject
Global
	GlobalSection(SolutionConfigurationPlatforms) = preSolution
		Debug|Any CPU = Debug|Any CPU
		Release|Any CPU = Release|Any CPU
	EndGlobalSection
	GlobalSection(ProjectConfigurationPlatforms) = postSolution
		{1816CF00-49E2-4B28-918A-2992DAFE02B6}.Debug|Any CPU.ActiveCfg = Debug|Any CPU
		{1816CF00-49E2-4B28-918A-2992DAFE02B6}.Debug|Any CPU.Build.0 = Debug|Any CPU
		{1816CF00-49E2-4B28-918A-2992DAFE02B6}.Release|Any CPU.ActiveCfg = Release|Any CPU
		{1816CF00-49E2-4B28-918A-2992DAFE02B6}.Release|Any CPU.Build.0 = Release|Any CPU
	EndGlobalSection
	GlobalSection(SolutionProperties) = preSolution
		HideSolutionNode = FALSE
	EndGlobalSection
	GlobalSection(ExtensibilityGlobals) = postSolution
		SolutionGuid = {FA19BDDF-10A9-468C-B238-59138118627E}
	EndGlobalSection
EndGlobal
